version = 1
requires-python = ">=3.13"

[[package]]
name = "earth616-ontology"
version = "0.3.0"
source = { virtual = "." }
dependencies = [
    { name = "pyshacl" },
    { name = "rdflib" },
    { name = "termcolor" },
]

[package.metadata]
requires-dist = [
    { name = "pyshacl", specifier = ">=0.29.0" },
    { name = "rdflib", specifier = ">=7.1.1" },
    { name = "termcolor", specifier = ">=2.5.0" },
]

[[package]]
name = "html5rdf"
version = "1.2.1"
source = { registry = "https://pypi.org/simple" }
sdist = { url = "https://files.pythonhosted.org/packages/4c/55/1b839c43f5ed8207e17a9a02d8b395179520b8b4f00c00a41e113bc205ca/html5rdf-1.2.1.tar.gz", hash = "sha256:ace9b420ce52995bb4f05e7425eedf19e433c981dfe7a831ab391e2fa2e1a195", size = 287899 }
wheels = [
    { url = "https://files.pythonhosted.org/packages/7d/c9/f6e1e8567660bc5b0aba281f2b0017b2a7665fcad6bf3ed67286a0c72cd4/html5rdf-1.2.1-py2.py3-none-any.whl", hash = "sha256:1f519121bc366af3e485310dc8041d2e86e5173c1a320fac3dc9d2604069b83e", size = 109765 },
]

[[package]]
name = "owlrl"
version = "7.1.2"
source = { registry = "https://pypi.org/simple" }
dependencies = [
    { name = "rdflib" },
]
sdist = { url = "https://files.pythonhosted.org/packages/7b/24/39e525e8f8519315b97cc80fd285ebc16df134c63d3bf5ceee551d95c984/owlrl-7.1.2.tar.gz", hash = "sha256:966136f303f08f3eb190f6631c31a03b1bc5744d6c15189d7fb638a563ee61d2", size = 44944 }
wheels = [
    { url = "https://files.pythonhosted.org/packages/7f/1d/5d3ab93a88643c6f87c370d10e500bd8d710900492f3142ff78867c9ba49/owlrl-7.1.2-py3-none-any.whl", hash = "sha256:b4234191d1981ee7c551fa203cc0d21470c38e624e6795f3ecac55651dab26b1", size = 51690 },
]

[[package]]
name = "packaging"
version = "24.2"
source = { registry = "https://pypi.org/simple" }
sdist = { url = "https://files.pythonhosted.org/packages/d0/63/68dbb6eb2de9cb10ee4c9c14a0148804425e13c4fb20d61cce69f53106da/packaging-24.2.tar.gz", hash = "sha256:c228a6dc5e932d346bc5739379109d49e8853dd8223571c7c5b55260edc0b97f", size = 163950 }
wheels = [
    { url = "https://files.pythonhosted.org/packages/88/ef/eb23f262cca3c0c4eb7ab1933c3b1f03d021f2c48f54763065b6f0e321be/packaging-24.2-py3-none-any.whl", hash = "sha256:09abb1bccd265c01f4a3aa3f7a7db064b36514d2cba19a2f694fe6150451a759", size = 65451 },
]

[[package]]
name = "prettytable"
version = "3.12.0"
source = { registry = "https://pypi.org/simple" }
dependencies = [
    { name = "wcwidth" },
]
sdist = { url = "https://files.pythonhosted.org/packages/3b/8a/de4dc1a6098621781c266b3fb3964009af1e9023527180cb8a3b0dd9d09e/prettytable-3.12.0.tar.gz", hash = "sha256:f04b3e1ba35747ac86e96ec33e3bb9748ce08e254dc2a1c6253945901beec804", size = 59539 }
wheels = [
    { url = "https://files.pythonhosted.org/packages/73/19/4bb9530512432774fdd7cb7c020851d4decbb811d95f86fd4f6a870a6d3e/prettytable-3.12.0-py3-none-any.whl", hash = "sha256:77ca0ad1c435b6e363d7e8623d7cc4fcf2cf15513bf77a1c1b2e814930ac57cc", size = 31105 },
]

[[package]]
name = "pyparsing"
version = "3.2.0"
source = { registry = "https://pypi.org/simple" }
sdist = { url = "https://files.pythonhosted.org/packages/8c/d5/e5aeee5387091148a19e1145f63606619cb5f20b83fccb63efae6474e7b2/pyparsing-3.2.0.tar.gz", hash = "sha256:cbf74e27246d595d9a74b186b810f6fbb86726dbf3b9532efb343f6d7294fe9c", size = 920984 }
wheels = [
    { url = "https://files.pythonhosted.org/packages/be/ec/2eb3cd785efd67806c46c13a17339708ddc346cbb684eade7a6e6f79536a/pyparsing-3.2.0-py3-none-any.whl", hash = "sha256:93d9577b88da0bbea8cc8334ee8b918ed014968fd2ec383e868fb8afb1ccef84", size = 106921 },
]

[[package]]
name = "pyshacl"
version = "0.29.0"
source = { registry = "https://pypi.org/simple" }
dependencies = [
    { name = "owlrl" },
    { name = "packaging" },
    { name = "prettytable" },
    { name = "rdflib", extra = ["html"] },
]
sdist = { url = "https://files.pythonhosted.org/packages/89/9f/252299a7f2ab949d9a6d03279f459f1fd26c562938a373df96925e813fd8/pyshacl-0.29.0.tar.gz", hash = "sha256:a9ef654e72890c87d37b0e0ddae622fe46ac487dcda902d3c75724a913b41f0b", size = 1396753 }
wheels = [
    { url = "https://files.pythonhosted.org/packages/c6/05/29164145d1ac3eee62e4b10b2251eb8d27f3025f4ed75501a0a95c0384af/pyshacl-0.29.0-py3-none-any.whl", hash = "sha256:b12d735f724e5602b14e2819c91047cde53b7b26de472885ce54d9d79cbcdcfc", size = 1321336 },
]

[[package]]
name = "rdflib"
version = "7.1.1"
source = { registry = "https://pypi.org/simple" }
dependencies = [
    { name = "pyparsing" },
]
sdist = { url = "https://files.pythonhosted.org/packages/62/b6/4cee25689c7a3dfafeb481d358e74696fe3a8543da4cb2c1b71c0cb6583d/rdflib-7.1.1.tar.gz", hash = "sha256:164de86bd3564558802ca983d84f6616a4a1a420c7a17a8152f5016076b2913e", size = 4864216 }
wheels = [
    { url = "https://files.pythonhosted.org/packages/d2/7d/9add7b22a4e695c4f3011ed084ecf725e1f03954b9fa071f1766890b4989/rdflib-7.1.1-py3-none-any.whl", hash = "sha256:e590fa9a2c34ba33a667818b5a84be3fb8a4d85868f8038f17912ec84f912a25", size = 562443 },
]

[package.optional-dependencies]
html = [
    { name = "html5rdf" },
]

[[package]]
name = "termcolor"
version = "2.5.0"
source = { registry = "https://pypi.org/simple" }
sdist = { url = "https://files.pythonhosted.org/packages/37/72/88311445fd44c455c7d553e61f95412cf89054308a1aa2434ab835075fc5/termcolor-2.5.0.tar.gz", hash = "sha256:998d8d27da6d48442e8e1f016119076b690d962507531df4890fcd2db2ef8a6f", size = 13057 }
wheels = [
    { url = "https://files.pythonhosted.org/packages/7f/be/df630c387a0a054815d60be6a97eb4e8f17385d5d6fe660e1c02750062b4/termcolor-2.5.0-py3-none-any.whl", hash = "sha256:37b17b5fc1e604945c2642c872a3764b5d547a48009871aea3edd3afa180afb8", size = 7755 },
]

[[package]]
name = "wcwidth"
version = "0.2.13"
source = { registry = "https://pypi.org/simple" }
sdist = { url = "https://files.pythonhosted.org/packages/6c/63/53559446a878410fc5a5974feb13d31d78d752eb18aeba59c7fef1af7598/wcwidth-0.2.13.tar.gz", hash = "sha256:72ea0c06399eb286d978fdedb6923a9eb47e1c486ce63e9b4e64fc18303972b5", size = 101301 }
wheels = [
    { url = "https://files.pythonhosted.org/packages/fd/84/fd2ba7aafacbad3c4201d395674fc6348826569da3c0937e75505ead3528/wcwidth-0.2.13-py2.py3-none-any.whl", hash = "sha256:3da69048e4540d84af32131829ff948f1e022c1c6bdb8d6102117aac784f6859", size = 34166 },
]
